// !$*UTF8*$!
{
	archiveVersion = 1;
	classes = {
	};
	objectVersion = 46;
	objects = {

/* Begin PBXBuildFile section */
		D10E50D41DBF16230076F3C9 /* LoginViewController.swift in Sources */ = {isa = PBXBuildFile; fileRef = D10E50D31DBF16230076F3C9 /* LoginViewController.swift */; };
		D114D0FE1DC2F4BC004FC7FA /* ProfileViewController.swift in Sources */ = {isa = PBXBuildFile; fileRef = D114D0FC1DC2F4BC004FC7FA /* ProfileViewController.swift */; };
		D114D0FF1DC2F4BC004FC7FA /* SettingsTableViewController.swift in Sources */ = {isa = PBXBuildFile; fileRef = D114D0FD1DC2F4BC004FC7FA /* SettingsTableViewController.swift */; };
		D114D1021DC2F4D5004FC7FA /* Profile.storyboard in Resources */ = {isa = PBXBuildFile; fileRef = D114D1001DC2F4D5004FC7FA /* Profile.storyboard */; };
		D114D1041DC30377004FC7FA /* ReadMe.txt in Resources */ = {isa = PBXBuildFile; fileRef = D114D1031DC30377004FC7FA /* ReadMe.txt */; };
		D119F6811DB9BC5E0007600F /* Sender.swift in Sources */ = {isa = PBXBuildFile; fileRef = D119F6801DB9BC5E0007600F /* Sender.swift */; };
		D11AAFF11DD31217005E6044 /* SpeechBubble.png in Resources */ = {isa = PBXBuildFile; fileRef = D11AAFF01DD31217005E6044 /* SpeechBubble.png */; };
		D11AAFF31DD3B8AA005E6044 /* JobListingViewController.swift in Sources */ = {isa = PBXBuildFile; fileRef = D11AAFF21DD3B8AA005E6044 /* JobListingViewController.swift */; };
		D11AAFF51DD3BB81005E6044 /* Rating.swift in Sources */ = {isa = PBXBuildFile; fileRef = D11AAFF41DD3BB81005E6044 /* Rating.swift */; };
		D11AAFF71DD3C013005E6044 /* CreateListing.storyboard in Resources */ = {isa = PBXBuildFile; fileRef = D11AAFF61DD3C013005E6044 /* CreateListing.storyboard */; };
		D11AAFF91DD3C5AF005E6044 /* PinFilled.png in Resources */ = {isa = PBXBuildFile; fileRef = D11AAFF81DD3C5AF005E6044 /* PinFilled.png */; };
		D11AAFFB1DD3D4B5005E6044 /* CreateListingViewController.swift in Sources */ = {isa = PBXBuildFile; fileRef = D11AAFFA1DD3D4B5005E6044 /* CreateListingViewController.swift */; };
		D11AAFFD1DD409BE005E6044 /* Skill.swift in Sources */ = {isa = PBXBuildFile; fileRef = D11AAFFC1DD409BE005E6044 /* Skill.swift */; };
		D13EF9B91DB5CA52009868C8 /* Communication.storyboard in Resources */ = {isa = PBXBuildFile; fileRef = D13EF9B71DB5CA52009868C8 /* Communication.storyboard */; };
		D14236431DD291D8003626AE /* JobListing.storyboard in Resources */ = {isa = PBXBuildFile; fileRef = D14236421DD291D8003626AE /* JobListing.storyboard */; };
		D14236451DD2A265003626AE /* JobListingTableViewController.swift in Sources */ = {isa = PBXBuildFile; fileRef = D14236441DD2A265003626AE /* JobListingTableViewController.swift */; };
		D14236471DD2A27A003626AE /* JobListingTableViewCell.swift in Sources */ = {isa = PBXBuildFile; fileRef = D14236461DD2A27A003626AE /* JobListingTableViewCell.swift */; };
		D14236491DD2A3F6003626AE /* Job.swift in Sources */ = {isa = PBXBuildFile; fileRef = D14236481DD2A3F6003626AE /* Job.swift */; };
		D151D4DC1DB863970004B1F8 /* Message.swift in Sources */ = {isa = PBXBuildFile; fileRef = D151D4DB1DB863970004B1F8 /* Message.swift */; };
		D17DC05A1DC01B0A00F0423C /* MainTabBarController.swift in Sources */ = {isa = PBXBuildFile; fileRef = D17DC0591DC01B0A00F0423C /* MainTabBarController.swift */; };
		D19595C51DC0767D0066F9AA /* HelpingHandFilled.png in Resources */ = {isa = PBXBuildFile; fileRef = D19595C41DC0767D0066F9AA /* HelpingHandFilled.png */; };
		D19595C81DC07E6E0066F9AA /* CircledLeft.png in Resources */ = {isa = PBXBuildFile; fileRef = D19595C71DC07E6E0066F9AA /* CircledLeft.png */; };
		D1A8A8B11DB6925E001CF70D /* FirebaseManager.swift in Sources */ = {isa = PBXBuildFile; fileRef = D1A8A8B01DB6925E001CF70D /* FirebaseManager.swift */; };
		D1ACD5AF1DB2E83E00D11E22 /* ChatViewController.swift in Sources */ = {isa = PBXBuildFile; fileRef = D1ACD5AE1DB2E83D00D11E22 /* ChatViewController.swift */; };
		D1B3DBDD1DB3029400ECE0A2 /* SegmentedViewController.swift in Sources */ = {isa = PBXBuildFile; fileRef = D1B3DBDC1DB3029400ECE0A2 /* SegmentedViewController.swift */; };
		D1B3DBDF1DB302AD00ECE0A2 /* NotificationTableViewController.swift in Sources */ = {isa = PBXBuildFile; fileRef = D1B3DBDE1DB302AD00ECE0A2 /* NotificationTableViewController.swift */; };
		D1B3DBE11DB3034B00ECE0A2 /* MessageTableViewController.swift in Sources */ = {isa = PBXBuildFile; fileRef = D1B3DBE01DB3034B00ECE0A2 /* MessageTableViewController.swift */; };
		D1B3DBE31DB3293D00ECE0A2 /* Utility.swift in Sources */ = {isa = PBXBuildFile; fileRef = D1B3DBE21DB3293D00ECE0A2 /* Utility.swift */; };
		D1C813F01DACB18B00775451 /* AppDelegate.swift in Sources */ = {isa = PBXBuildFile; fileRef = D1C813EF1DACB18B00775451 /* AppDelegate.swift */; };
		D1C813F21DACB18B00775451 /* SignUpViewController.swift in Sources */ = {isa = PBXBuildFile; fileRef = D1C813F11DACB18B00775451 /* SignUpViewController.swift */; };
		D1C813F51DACB18B00775451 /* Main.storyboard in Resources */ = {isa = PBXBuildFile; fileRef = D1C813F31DACB18B00775451 /* Main.storyboard */; };
		D1C813F71DACB18B00775451 /* Assets.xcassets in Resources */ = {isa = PBXBuildFile; fileRef = D1C813F61DACB18B00775451 /* Assets.xcassets */; };
		D1C813FA1DACB18B00775451 /* LaunchScreen.storyboard in Resources */ = {isa = PBXBuildFile; fileRef = D1C813F81DACB18B00775451 /* LaunchScreen.storyboard */; };
		D1C814061DACD08400775451 /* GoogleService-Info.plist in Resources */ = {isa = PBXBuildFile; fileRef = D1C814051DACD08400775451 /* GoogleService-Info.plist */; };
		F9A1E4672245B7EE0B352357 /* Pods_AssistMe.framework in Frameworks */ = {isa = PBXBuildFile; fileRef = B56B5DECDBE22CD480D8DFF8 /* Pods_AssistMe.framework */; };
/* End PBXBuildFile section */

/* Begin PBXFileReference section */
		7C3EA22F1E4DEF67B5A71080 /* Pods-AssistMe.debug.xcconfig */ = {isa = PBXFileReference; includeInIndex = 1; lastKnownFileType = text.xcconfig; name = "Pods-AssistMe.debug.xcconfig"; path = "Pods/Target Support Files/Pods-AssistMe/Pods-AssistMe.debug.xcconfig"; sourceTree = "<group>"; };
		B56B5DECDBE22CD480D8DFF8 /* Pods_AssistMe.framework */ = {isa = PBXFileReference; explicitFileType = wrapper.framework; includeInIndex = 0; path = Pods_AssistMe.framework; sourceTree = BUILT_PRODUCTS_DIR; };
		D10E50D31DBF16230076F3C9 /* LoginViewController.swift */ = {isa = PBXFileReference; fileEncoding = 4; lastKnownFileType = sourcecode.swift; path = LoginViewController.swift; sourceTree = "<group>"; };
		D114D0FC1DC2F4BC004FC7FA /* ProfileViewController.swift */ = {isa = PBXFileReference; fileEncoding = 4; lastKnownFileType = sourcecode.swift; path = ProfileViewController.swift; sourceTree = "<group>"; };
		D114D0FD1DC2F4BC004FC7FA /* SettingsTableViewController.swift */ = {isa = PBXFileReference; fileEncoding = 4; lastKnownFileType = sourcecode.swift; path = SettingsTableViewController.swift; sourceTree = "<group>"; };
		D114D1011DC2F4D5004FC7FA /* Base */ = {isa = PBXFileReference; lastKnownFileType = file.storyboard; name = Base; path = Base.lproj/Profile.storyboard; sourceTree = "<group>"; };
		D114D1031DC30377004FC7FA /* ReadMe.txt */ = {isa = PBXFileReference; fileEncoding = 4; lastKnownFileType = text; path = ReadMe.txt; sourceTree = "<group>"; };
		D119F6801DB9BC5E0007600F /* Sender.swift */ = {isa = PBXFileReference; fileEncoding = 4; lastKnownFileType = sourcecode.swift; path = Sender.swift; sourceTree = "<group>"; };
		D11AAFF01DD31217005E6044 /* SpeechBubble.png */ = {isa = PBXFileReference; lastKnownFileType = image.png; name = SpeechBubble.png; path = Resources/SpeechBubble.png; sourceTree = "<group>"; };
		D11AAFF21DD3B8AA005E6044 /* JobListingViewController.swift */ = {isa = PBXFileReference; fileEncoding = 4; lastKnownFileType = sourcecode.swift; path = JobListingViewController.swift; sourceTree = "<group>"; };
		D11AAFF41DD3BB81005E6044 /* Rating.swift */ = {isa = PBXFileReference; fileEncoding = 4; lastKnownFileType = sourcecode.swift; path = Rating.swift; sourceTree = "<group>"; };
		D11AAFF61DD3C013005E6044 /* CreateListing.storyboard */ = {isa = PBXFileReference; fileEncoding = 4; lastKnownFileType = file.storyboard; path = CreateListing.storyboard; sourceTree = "<group>"; };
		D11AAFF81DD3C5AF005E6044 /* PinFilled.png */ = {isa = PBXFileReference; lastKnownFileType = image.png; name = PinFilled.png; path = Resources/PinFilled.png; sourceTree = "<group>"; };
		D11AAFFA1DD3D4B5005E6044 /* CreateListingViewController.swift */ = {isa = PBXFileReference; fileEncoding = 4; lastKnownFileType = sourcecode.swift; path = CreateListingViewController.swift; sourceTree = "<group>"; };
		D11AAFFC1DD409BE005E6044 /* Skill.swift */ = {isa = PBXFileReference; fileEncoding = 4; lastKnownFileType = sourcecode.swift; path = Skill.swift; sourceTree = "<group>"; };
		D13EF9B81DB5CA52009868C8 /* Base */ = {isa = PBXFileReference; lastKnownFileType = file.storyboard; name = Base; path = Base.lproj/Communication.storyboard; sourceTree = "<group>"; };
		D14236421DD291D8003626AE /* JobListing.storyboard */ = {isa = PBXFileReference; fileEncoding = 4; lastKnownFileType = file.storyboard; path = JobListing.storyboard; sourceTree = "<group>"; };
		D14236441DD2A265003626AE /* JobListingTableViewController.swift */ = {isa = PBXFileReference; fileEncoding = 4; lastKnownFileType = sourcecode.swift; path = JobListingTableViewController.swift; sourceTree = "<group>"; };
		D14236461DD2A27A003626AE /* JobListingTableViewCell.swift */ = {isa = PBXFileReference; fileEncoding = 4; lastKnownFileType = sourcecode.swift; path = JobListingTableViewCell.swift; sourceTree = "<group>"; };
		D14236481DD2A3F6003626AE /* Job.swift */ = {isa = PBXFileReference; fileEncoding = 4; lastKnownFileType = sourcecode.swift; path = Job.swift; sourceTree = "<group>"; };
		D151D4DB1DB863970004B1F8 /* Message.swift */ = {isa = PBXFileReference; fileEncoding = 4; lastKnownFileType = sourcecode.swift; path = Message.swift; sourceTree = "<group>"; };
		D17DC0591DC01B0A00F0423C /* MainTabBarController.swift */ = {isa = PBXFileReference; fileEncoding = 4; lastKnownFileType = sourcecode.swift; path = MainTabBarController.swift; sourceTree = "<group>"; };
		D19595C41DC0767D0066F9AA /* HelpingHandFilled.png */ = {isa = PBXFileReference; lastKnownFileType = image.png; name = HelpingHandFilled.png; path = Resources/HelpingHandFilled.png; sourceTree = "<group>"; };
		D19595C71DC07E6E0066F9AA /* CircledLeft.png */ = {isa = PBXFileReference; lastKnownFileType = image.png; name = CircledLeft.png; path = Resources/CircledLeft.png; sourceTree = "<group>"; };
		D1A8A8B01DB6925E001CF70D /* FirebaseManager.swift */ = {isa = PBXFileReference; fileEncoding = 4; lastKnownFileType = sourcecode.swift; path = FirebaseManager.swift; sourceTree = "<group>"; };
		D1ACD5AE1DB2E83D00D11E22 /* ChatViewController.swift */ = {isa = PBXFileReference; fileEncoding = 4; lastKnownFileType = sourcecode.swift; path = ChatViewController.swift; sourceTree = "<group>"; };
		D1B3DBDC1DB3029400ECE0A2 /* SegmentedViewController.swift */ = {isa = PBXFileReference; fileEncoding = 4; lastKnownFileType = sourcecode.swift; path = SegmentedViewController.swift; sourceTree = "<group>"; };
		D1B3DBDE1DB302AD00ECE0A2 /* NotificationTableViewController.swift */ = {isa = PBXFileReference; fileEncoding = 4; lastKnownFileType = sourcecode.swift; path = NotificationTableViewController.swift; sourceTree = "<group>"; };
		D1B3DBE01DB3034B00ECE0A2 /* MessageTableViewController.swift */ = {isa = PBXFileReference; fileEncoding = 4; lastKnownFileType = sourcecode.swift; path = MessageTableViewController.swift; sourceTree = "<group>"; };
		D1B3DBE21DB3293D00ECE0A2 /* Utility.swift */ = {isa = PBXFileReference; fileEncoding = 4; lastKnownFileType = sourcecode.swift; path = Utility.swift; sourceTree = "<group>"; };
		D1C813EC1DACB18B00775451 /* AssistMe.app */ = {isa = PBXFileReference; explicitFileType = wrapper.application; includeInIndex = 0; path = AssistMe.app; sourceTree = BUILT_PRODUCTS_DIR; };
		D1C813EF1DACB18B00775451 /* AppDelegate.swift */ = {isa = PBXFileReference; lastKnownFileType = sourcecode.swift; path = AppDelegate.swift; sourceTree = "<group>"; };
		D1C813F11DACB18B00775451 /* SignUpViewController.swift */ = {isa = PBXFileReference; lastKnownFileType = sourcecode.swift; path = SignUpViewController.swift; sourceTree = "<group>"; };
		D1C813F41DACB18B00775451 /* Base */ = {isa = PBXFileReference; lastKnownFileType = file.storyboard; name = Base; path = Base.lproj/Main.storyboard; sourceTree = "<group>"; };
		D1C813F61DACB18B00775451 /* Assets.xcassets */ = {isa = PBXFileReference; lastKnownFileType = folder.assetcatalog; path = Assets.xcassets; sourceTree = "<group>"; };
		D1C813F91DACB18B00775451 /* Base */ = {isa = PBXFileReference; lastKnownFileType = file.storyboard; name = Base; path = Base.lproj/LaunchScreen.storyboard; sourceTree = "<group>"; };
		D1C813FB1DACB18B00775451 /* Info.plist */ = {isa = PBXFileReference; lastKnownFileType = text.plist.xml; path = Info.plist; sourceTree = "<group>"; };
		D1C814041DACC57C00775451 /* AssistMe.entitlements */ = {isa = PBXFileReference; lastKnownFileType = text.plist.entitlements; path = AssistMe.entitlements; sourceTree = "<group>"; };
		D1C814051DACD08400775451 /* GoogleService-Info.plist */ = {isa = PBXFileReference; fileEncoding = 4; lastKnownFileType = text.plist.xml; path = "GoogleService-Info.plist"; sourceTree = "<group>"; };
		E6DAD249FEF786FA8341A4EB /* Pods-AssistMe.release.xcconfig */ = {isa = PBXFileReference; includeInIndex = 1; lastKnownFileType = text.xcconfig; name = "Pods-AssistMe.release.xcconfig"; path = "Pods/Target Support Files/Pods-AssistMe/Pods-AssistMe.release.xcconfig"; sourceTree = "<group>"; };
/* End PBXFileReference section */

/* Begin PBXFrameworksBuildPhase section */
		D1C813E91DACB18B00775451 /* Frameworks */ = {
			isa = PBXFrameworksBuildPhase;
			buildActionMask = 2147483647;
			files = (
				F9A1E4672245B7EE0B352357 /* Pods_AssistMe.framework in Frameworks */,
			);
			runOnlyForDeploymentPostprocessing = 0;
		};
/* End PBXFrameworksBuildPhase section */

/* Begin PBXGroup section */
		3C98D855B39106FBB7A743A2 /* Frameworks */ = {
			isa = PBXGroup;
			children = (
				B56B5DECDBE22CD480D8DFF8 /* Pods_AssistMe.framework */,
			);
			name = Frameworks;
			sourceTree = "<group>";
		};
		D19595C61DC076820066F9AA /* Resources */ = {
			isa = PBXGroup;
			children = (
				D11AAFF81DD3C5AF005E6044 /* PinFilled.png */,
				D11AAFF01DD31217005E6044 /* SpeechBubble.png */,
				D19595C71DC07E6E0066F9AA /* CircledLeft.png */,
				D19595C41DC0767D0066F9AA /* HelpingHandFilled.png */,
			);
			name = Resources;
			sourceTree = "<group>";
		};
		D1C813E31DACB18B00775451 = {
			isa = PBXGroup;
			children = (
				D1C813EE1DACB18B00775451 /* AssistMe */,
				D1C813ED1DACB18B00775451 /* Products */,
				DBC582238F4D3FA3C46CBFD9 /* Pods */,
				3C98D855B39106FBB7A743A2 /* Frameworks */,
			);
			sourceTree = "<group>";
		};
		D1C813ED1DACB18B00775451 /* Products */ = {
			isa = PBXGroup;
			children = (
				D1C813EC1DACB18B00775451 /* AssistMe.app */,
			);
			name = Products;
			sourceTree = "<group>";
		};
		D1C813EE1DACB18B00775451 /* AssistMe */ = {
			isa = PBXGroup;
			children = (
				D1C813EF1DACB18B00775451 /* AppDelegate.swift */,
				D1B3DBE21DB3293D00ECE0A2 /* Utility.swift */,
				D119F6801DB9BC5E0007600F /* Sender.swift */,
				D151D4DB1DB863970004B1F8 /* Message.swift */,
				D11AAFF41DD3BB81005E6044 /* Rating.swift */,
				D14236481DD2A3F6003626AE /* Job.swift */,
				D11AAFFC1DD409BE005E6044 /* Skill.swift */,
				D1A8A8B01DB6925E001CF70D /* FirebaseManager.swift */,
				D1C813F11DACB18B00775451 /* SignUpViewController.swift */,
				D10E50D31DBF16230076F3C9 /* LoginViewController.swift */,
				D17DC0591DC01B0A00F0423C /* MainTabBarController.swift */,
				D1B3DBDC1DB3029400ECE0A2 /* SegmentedViewController.swift */,
				D1B3DBE01DB3034B00ECE0A2 /* MessageTableViewController.swift */,
				D1ACD5AE1DB2E83D00D11E22 /* ChatViewController.swift */,
				D1B3DBDE1DB302AD00ECE0A2 /* NotificationTableViewController.swift */,
				D114D0FC1DC2F4BC004FC7FA /* ProfileViewController.swift */,
				D114D0FD1DC2F4BC004FC7FA /* SettingsTableViewController.swift */,
				D14236441DD2A265003626AE /* JobListingTableViewController.swift */,
				D14236461DD2A27A003626AE /* JobListingTableViewCell.swift */,
				D11AAFF21DD3B8AA005E6044 /* JobListingViewController.swift */,
				D11AAFFA1DD3D4B5005E6044 /* CreateListingViewController.swift */,
				D1C813F31DACB18B00775451 /* Main.storyboard */,
				D13EF9B71DB5CA52009868C8 /* Communication.storyboard */,
				D14236421DD291D8003626AE /* JobListing.storyboard */,
				D11AAFF61DD3C013005E6044 /* CreateListing.storyboard */,
				D114D1001DC2F4D5004FC7FA /* Profile.storyboard */,
				D1C813F61DACB18B00775451 /* Assets.xcassets */,
				D1C813F81DACB18B00775451 /* LaunchScreen.storyboard */,
				D1C813FB1DACB18B00775451 /* Info.plist */,
				D1C814051DACD08400775451 /* GoogleService-Info.plist */,
				D1C814041DACC57C00775451 /* AssistMe.entitlements */,
				D114D1031DC30377004FC7FA /* ReadMe.txt */,
				D19595C61DC076820066F9AA /* Resources */,
			);
			path = AssistMe;
			sourceTree = "<group>";
		};
		DBC582238F4D3FA3C46CBFD9 /* Pods */ = {
			isa = PBXGroup;
			children = (
				7C3EA22F1E4DEF67B5A71080 /* Pods-AssistMe.debug.xcconfig */,
				E6DAD249FEF786FA8341A4EB /* Pods-AssistMe.release.xcconfig */,
			);
			name = Pods;
			sourceTree = "<group>";
		};
/* End PBXGroup section */

/* Begin PBXNativeTarget section */
		D1C813EB1DACB18B00775451 /* AssistMe */ = {
			isa = PBXNativeTarget;
			buildConfigurationList = D1C813FE1DACB18B00775451 /* Build configuration list for PBXNativeTarget "AssistMe" */;
			buildPhases = (
				4F682BD5F451E1BCC38ED616 /* [CP] Check Pods Manifest.lock */,
				D1C813E81DACB18B00775451 /* Sources */,
				D1C813E91DACB18B00775451 /* Frameworks */,
				D1C813EA1DACB18B00775451 /* Resources */,
				6C78E8E2FC206D0592B3C243 /* [CP] Embed Pods Frameworks */,
				A73CE3CE21C3A4F579C0E52E /* [CP] Copy Pods Resources */,
			);
			buildRules = (
			);
			dependencies = (
			);
			name = AssistMe;
			productName = AssistMe;
			productReference = D1C813EC1DACB18B00775451 /* AssistMe.app */;
			productType = "com.apple.product-type.application";
		};
/* End PBXNativeTarget section */

/* Begin PBXProject section */
		D1C813E41DACB18B00775451 /* Project object */ = {
			isa = PBXProject;
			attributes = {
				LastSwiftUpdateCheck = 0800;
				LastUpgradeCheck = 0800;
				ORGANIZATIONNAME = Group10;
				TargetAttributes = {
					D1C813EB1DACB18B00775451 = {
						CreatedOnToolsVersion = 8.0;
						DevelopmentTeam = PSC5Z4HE75;
						ProvisioningStyle = Automatic;
						SystemCapabilities = {
							com.apple.Keychain = {
								enabled = 1;
							};
						};
					};
				};
			};
			buildConfigurationList = D1C813E71DACB18B00775451 /* Build configuration list for PBXProject "AssistMe" */;
			compatibilityVersion = "Xcode 3.2";
			developmentRegion = English;
			hasScannedForEncodings = 0;
			knownRegions = (
				en,
				Base,
			);
			mainGroup = D1C813E31DACB18B00775451;
			productRefGroup = D1C813ED1DACB18B00775451 /* Products */;
			projectDirPath = "";
			projectRoot = "";
			targets = (
				D1C813EB1DACB18B00775451 /* AssistMe */,
			);
		};
/* End PBXProject section */

/* Begin PBXResourcesBuildPhase section */
		D1C813EA1DACB18B00775451 /* Resources */ = {
			isa = PBXResourcesBuildPhase;
			buildActionMask = 2147483647;
			files = (
				D11AAFF11DD31217005E6044 /* SpeechBubble.png in Resources */,
				D1C813FA1DACB18B00775451 /* LaunchScreen.storyboard in Resources */,
				D1C814061DACD08400775451 /* GoogleService-Info.plist in Resources */,
				D114D1021DC2F4D5004FC7FA /* Profile.storyboard in Resources */,
				D1C813F71DACB18B00775451 /* Assets.xcassets in Resources */,
				D11AAFF71DD3C013005E6044 /* CreateListing.storyboard in Resources */,
				D1C813F51DACB18B00775451 /* Main.storyboard in Resources */,
				D19595C81DC07E6E0066F9AA /* CircledLeft.png in Resources */,
				D11AAFF91DD3C5AF005E6044 /* PinFilled.png in Resources */,
				D19595C51DC0767D0066F9AA /* HelpingHandFilled.png in Resources */,
				D114D1041DC30377004FC7FA /* ReadMe.txt in Resources */,
				D13EF9B91DB5CA52009868C8 /* Communication.storyboard in Resources */,
				D14236431DD291D8003626AE /* JobListing.storyboard in Resources */,
			);
			runOnlyForDeploymentPostprocessing = 0;
		};
/* End PBXResourcesBuildPhase section */

/* Begin PBXShellScriptBuildPhase section */
		4F682BD5F451E1BCC38ED616 /* [CP] Check Pods Manifest.lock */ = {
			isa = PBXShellScriptBuildPhase;
			buildActionMask = 2147483647;
			files = (
			);
			inputPaths = (
			);
			name = "[CP] Check Pods Manifest.lock";
			outputPaths = (
			);
			runOnlyForDeploymentPostprocessing = 0;
			shellPath = /bin/sh;
			shellScript = "diff \"${PODS_ROOT}/../Podfile.lock\" \"${PODS_ROOT}/Manifest.lock\" > /dev/null\nif [ $? != 0 ] ; then\n    # print error to STDERR\n    echo \"error: The sandbox is not in sync with the Podfile.lock. Run 'pod install' or update your CocoaPods installation.\" >&2\n    exit 1\nfi\n";
			showEnvVarsInLog = 0;
		};
		6C78E8E2FC206D0592B3C243 /* [CP] Embed Pods Frameworks */ = {
			isa = PBXShellScriptBuildPhase;
			buildActionMask = 2147483647;
			files = (
			);
			inputPaths = (
			);
			name = "[CP] Embed Pods Frameworks";
			outputPaths = (
			);
			runOnlyForDeploymentPostprocessing = 0;
			shellPath = /bin/sh;
			shellScript = "\"${SRCROOT}/Pods/Target Support Files/Pods-AssistMe/Pods-AssistMe-frameworks.sh\"\n";
			showEnvVarsInLog = 0;
		};
		A73CE3CE21C3A4F579C0E52E /* [CP] Copy Pods Resources */ = {
			isa = PBXShellScriptBuildPhase;
			buildActionMask = 2147483647;
			files = (
			);
			inputPaths = (
			);
			name = "[CP] Copy Pods Resources";
			outputPaths = (
			);
			runOnlyForDeploymentPostprocessing = 0;
			shellPath = /bin/sh;
			shellScript = "\"${SRCROOT}/Pods/Target Support Files/Pods-AssistMe/Pods-AssistMe-resources.sh\"\n";
			showEnvVarsInLog = 0;
		};
/* End PBXShellScriptBuildPhase section */

/* Begin PBXSourcesBuildPhase section */
		D1C813E81DACB18B00775451 /* Sources */ = {
			isa = PBXSourcesBuildPhase;
			buildActionMask = 2147483647;
			files = (
				D11AAFFD1DD409BE005E6044 /* Skill.swift in Sources */,
				D14236471DD2A27A003626AE /* JobListingTableViewCell.swift in Sources */,
				D1B3DBDF1DB302AD00ECE0A2 /* NotificationTableViewController.swift in Sources */,
				D1C813F21DACB18B00775451 /* SignUpViewController.swift in Sources */,
				D11AAFF31DD3B8AA005E6044 /* JobListingViewController.swift in Sources */,
				D17DC05A1DC01B0A00F0423C /* MainTabBarController.swift in Sources */,
				D1ACD5AF1DB2E83E00D11E22 /* ChatViewController.swift in Sources */,
				D151D4DC1DB863970004B1F8 /* Message.swift in Sources */,
				D119F6811DB9BC5E0007600F /* Sender.swift in Sources */,
				D114D0FF1DC2F4BC004FC7FA /* SettingsTableViewController.swift in Sources */,
				D1C813F01DACB18B00775451 /* AppDelegate.swift in Sources */,
				D1A8A8B11DB6925E001CF70D /* FirebaseManager.swift in Sources */,
				D11AAFFB1DD3D4B5005E6044 /* CreateListingViewController.swift in Sources */,
				D11AAFF51DD3BB81005E6044 /* Rating.swift in Sources */,
				D1B3DBE11DB3034B00ECE0A2 /* MessageTableViewController.swift in Sources */,
				D1B3DBDD1DB3029400ECE0A2 /* SegmentedViewController.swift in Sources */,
				D114D0FE1DC2F4BC004FC7FA /* ProfileViewController.swift in Sources */,
				D1B3DBE31DB3293D00ECE0A2 /* Utility.swift in Sources */,
				D14236491DD2A3F6003626AE /* Job.swift in Sources */,
				D14236451DD2A265003626AE /* JobListingTableViewController.swift in Sources */,
				D10E50D41DBF16230076F3C9 /* LoginViewController.swift in Sources */,
			);
			runOnlyForDeploymentPostprocessing = 0;
		};
/* End PBXSourcesBuildPhase section */

/* Begin PBXVariantGroup section */
		D114D1001DC2F4D5004FC7FA /* Profile.storyboard */ = {
			isa = PBXVariantGroup;
			children = (
				D114D1011DC2F4D5004FC7FA /* Base */,
			);
			name = Profile.storyboard;
			sourceTree = "<group>";
		};
		D13EF9B71DB5CA52009868C8 /* Communication.storyboard */ = {
			isa = PBXVariantGroup;
			children = (
				D13EF9B81DB5CA52009868C8 /* Base */,
			);
			name = Communication.storyboard;
			sourceTree = "<group>";
		};
		D1C813F31DACB18B00775451 /* Main.storyboard */ = {
			isa = PBXVariantGroup;
			children = (
				D1C813F41DACB18B00775451 /* Base */,
			);
			name = Main.storyboard;
			sourceTree = "<group>";
		};
		D1C813F81DACB18B00775451 /* LaunchScreen.storyboard */ = {
			isa = PBXVariantGroup;
			children = (
				D1C813F91DACB18B00775451 /* Base */,
			);
			name = LaunchScreen.storyboard;
			sourceTree = "<group>";
		};
/* End PBXVariantGroup section */

/* Begin XCBuildConfiguration section */
		D1C813FC1DACB18B00775451 /* Debug */ = {
			isa = XCBuildConfiguration;
			buildSettings = {
				ALWAYS_SEARCH_USER_PATHS = NO;
				CLANG_ANALYZER_NONNULL = YES;
				CLANG_CXX_LANGUAGE_STANDARD = "gnu++0x";
				CLANG_CXX_LIBRARY = "libc++";
				CLANG_ENABLE_MODULES = YES;
				CLANG_ENABLE_OBJC_ARC = YES;
				CLANG_WARN_BOOL_CONVERSION = YES;
				CLANG_WARN_CONSTANT_CONVERSION = YES;
				CLANG_WARN_DIRECT_OBJC_ISA_USAGE = YES_ERROR;
				CLANG_WARN_DOCUMENTATION_COMMENTS = YES;
				CLANG_WARN_EMPTY_BODY = YES;
				CLANG_WARN_ENUM_CONVERSION = YES;
				CLANG_WARN_INFINITE_RECURSION = YES;
				CLANG_WARN_INT_CONVERSION = YES;
				CLANG_WARN_OBJC_ROOT_CLASS = YES_ERROR;
				CLANG_WARN_SUSPICIOUS_MOVE = YES;
				CLANG_WARN_SUSPICIOUS_MOVES = YES;
				CLANG_WARN_UNREACHABLE_CODE = YES;
				CLANG_WARN__DUPLICATE_METHOD_MATCH = YES;
				"CODE_SIGN_IDENTITY[sdk=iphoneos*]" = "iPhone Developer";
				COPY_PHASE_STRIP = NO;
				DEBUG_INFORMATION_FORMAT = dwarf;
				ENABLE_STRICT_OBJC_MSGSEND = YES;
				ENABLE_TESTABILITY = YES;
				GCC_C_LANGUAGE_STANDARD = gnu99;
				GCC_DYNAMIC_NO_PIC = NO;
				GCC_NO_COMMON_BLOCKS = YES;
				GCC_OPTIMIZATION_LEVEL = 0;
				GCC_PREPROCESSOR_DEFINITIONS = (
					"DEBUG=1",
					"$(inherited)",
				);
				GCC_WARN_64_TO_32_BIT_CONVERSION = YES;
				GCC_WARN_ABOUT_RETURN_TYPE = YES_ERROR;
				GCC_WARN_UNDECLARED_SELECTOR = YES;
				GCC_WARN_UNINITIALIZED_AUTOS = YES_AGGRESSIVE;
				GCC_WARN_UNUSED_FUNCTION = YES;
				GCC_WARN_UNUSED_VARIABLE = YES;
				IPHONEOS_DEPLOYMENT_TARGET = 10.0;
				MTL_ENABLE_DEBUG_INFO = YES;
				ONLY_ACTIVE_ARCH = YES;
				SDKROOT = iphoneos;
				SWIFT_ACTIVE_COMPILATION_CONDITIONS = DEBUG;
				SWIFT_OPTIMIZATION_LEVEL = "-Onone";
			};
			name = Debug;
		};
		D1C813FD1DACB18B00775451 /* Release */ = {
			isa = XCBuildConfiguration;
			buildSettings = {
				ALWAYS_SEARCH_USER_PATHS = NO;
				CLANG_ANALYZER_NONNULL = YES;
				CLANG_CXX_LANGUAGE_STANDARD = "gnu++0x";
				CLANG_CXX_LIBRARY = "libc++";
				CLANG_ENABLE_MODULES = YES;
				CLANG_ENABLE_OBJC_ARC = YES;
				CLANG_WARN_BOOL_CONVERSION = YES;
				CLANG_WARN_CONSTANT_CONVERSION = YES;
				CLANG_WARN_DIRECT_OBJC_ISA_USAGE = YES_ERROR;
				CLANG_WARN_DOCUMENTATION_COMMENTS = YES;
				CLANG_WARN_EMPTY_BODY = YES;
				CLANG_WARN_ENUM_CONVERSION = YES;
				CLANG_WARN_INFINITE_RECURSION = YES;
				CLANG_WARN_INT_CONVERSION = YES;
				CLANG_WARN_OBJC_ROOT_CLASS = YES_ERROR;
				CLANG_WARN_SUSPICIOUS_MOVE = YES;
				CLANG_WARN_SUSPICIOUS_MOVES = YES;
				CLANG_WARN_UNREACHABLE_CODE = YES;
				CLANG_WARN__DUPLICATE_METHOD_MATCH = YES;
				"CODE_SIGN_IDENTITY[sdk=iphoneos*]" = "iPhone Developer";
				COPY_PHASE_STRIP = NO;
				DEBUG_INFORMATION_FORMAT = "dwarf-with-dsym";
				ENABLE_NS_ASSERTIONS = NO;
				ENABLE_STRICT_OBJC_MSGSEND = YES;
				GCC_C_LANGUAGE_STANDARD = gnu99;
				GCC_NO_COMMON_BLOCKS = YES;
				GCC_WARN_64_TO_32_BIT_CONVERSION = YES;
				GCC_WARN_ABOUT_RETURN_TYPE = YES_ERROR;
				GCC_WARN_UNDECLARED_SELECTOR = YES;
				GCC_WARN_UNINITIALIZED_AUTOS = YES_AGGRESSIVE;
				GCC_WARN_UNUSED_FUNCTION = YES;
				GCC_WARN_UNUSED_VARIABLE = YES;
				IPHONEOS_DEPLOYMENT_TARGET = 10.0;
				MTL_ENABLE_DEBUG_INFO = NO;
				SDKROOT = iphoneos;
				SWIFT_OPTIMIZATION_LEVEL = "-Owholemodule";
				VALIDATE_PRODUCT = YES;
			};
			name = Release;
		};
		D1C813FF1DACB18B00775451 /* Debug */ = {
			isa = XCBuildConfiguration;
			baseConfigurationReference = 7C3EA22F1E4DEF67B5A71080 /* Pods-AssistMe.debug.xcconfig */;
			buildSettings = {
				ASSETCATALOG_COMPILER_APPICON_NAME = AppIcon;
				CODE_SIGN_ENTITLEMENTS = AssistMe/AssistMe.entitlements;
				DEVELOPMENT_TEAM = PSC5Z4HE75;
				INFOPLIST_FILE = AssistMe/Info.plist;
				LD_RUNPATH_SEARCH_PATHS = "$(inherited) @executable_path/Frameworks";
				PRODUCT_BUNDLE_IDENTIFIER = com.group10.AssistMe;
				PRODUCT_NAME = "$(TARGET_NAME)";
				SWIFT_VERSION = 3.0;
			};
			name = Debug;
		};
		D1C814001DACB18B00775451 /* Release */ = {
			isa = XCBuildConfiguration;
			baseConfigurationReference = E6DAD249FEF786FA8341A4EB /* Pods-AssistMe.release.xcconfig */;
			buildSettings = {
				ASSETCATALOG_COMPILER_APPICON_NAME = AppIcon;
				CODE_SIGN_ENTITLEMENTS = AssistMe/AssistMe.entitlements;
				DEVELOPMENT_TEAM = PSC5Z4HE75;
				INFOPLIST_FILE = AssistMe/Info.plist;
				LD_RUNPATH_SEARCH_PATHS = "$(inherited) @executable_path/Frameworks";
				PRODUCT_BUNDLE_IDENTIFIER = com.group10.AssistMe;
				PRODUCT_NAME = "$(TARGET_NAME)";
				SWIFT_VERSION = 3.0;
			};
			name = Release;
		};
/* End XCBuildConfiguration section */

/* Begin XCConfigurationList section */
		D1C813E71DACB18B00775451 /* Build configuration list for PBXProject "AssistMe" */ = {
			isa = XCConfigurationList;
			buildConfigurations = (
				D1C813FC1DACB18B00775451 /* Debug */,
				D1C813FD1DACB18B00775451 /* Release */,
			);
			defaultConfigurationIsVisible = 0;
			defaultConfigurationName = Release;
		};
		D1C813FE1DACB18B00775451 /* Build configuration list for PBXNativeTarget "AssistMe" */ = {
			isa = XCConfigurationList;
			buildConfigurations = (
				D1C813FF1DACB18B00775451 /* Debug */,
				D1C814001DACB18B00775451 /* Release */,
			);
			defaultConfigurationIsVisible = 0;
			defaultConfigurationName = Release;
		};
/* End XCConfigurationList section */
	};
	rootObject = D1C813E41DACB18B00775451 /* Project object */;
}
